
Microsoft Visual Studio Solution File, Format Version 12.00
# Visual Studio Version 17
VisualStudioVersion = 17.14.36408.4 d17.14
MinimumVisualStudioVersion = 10.0.40219.1
Project("{FAE04EC0-301F-11D3-BF4B-00C04F79EFBC}") = "Api", "Api\Api.csproj", "{FD995EFD-F4E8-43F8-B03B-B898AF823E79}"
EndProject
Global
	GlobalSection(SolutionConfigurationPlatforms) = preSolution
		Debug|Any CPU = Debug|Any CPU
		Release|Any CPU = Release|Any CPU
	EndGlobalSection
	GlobalSection(ProjectConfigurationPlatforms) = postSolution
		{FD995EFD-F4E8-43F8-B03B-B898AF823E79}.Debug|Any CPU.ActiveCfg = Debug|Any CPU
		{FD995EFD-F4E8-43F8-B03B-B898AF823E79}.Debug|Any CPU.Build.0 = Debug|Any CPU
		{FD995EFD-F4E8-43F8-B03B-B898AF823E79}.Release|Any CPU.ActiveCfg = Release|Any CPU
		{FD995EFD-F4E8-43F8-B03B-B898AF823E79}.Release|Any CPU.Build.0 = Release|Any CPU
	EndGlobalSection
	GlobalSection(SolutionProperties) = preSolution
		HideSolutionNode = FALSE
	EndGlobalSection
	GlobalSection(ExtensibilityGlobals) = postSolution
		SolutionGuid = {0B0D3691-FE03-4996-81D1-A6555A97FAF1}
	EndGlobalSection
EndGlobal
